
Microsoft Visual Studio Solution File, Format Version 12.00
# Visual Studio Version 16
VisualStudioVersion = 16.0.29613.14
MinimumVisualStudioVersion = 10.0.40219.1
Project("{2150E333-8FDC-42A3-9474-1A3956D46DE8}") = "Tests", "Tests", "{3212840E-B96D-4623-AD78-50563EBC6B75}"
EndProject
Project("{9A19103F-16F7-4668-BE54-9A1E7A4F7556}") = "LehmanLaidun.FileSystem.Test", "Source\Tests\LehmanLaidun.FileSystem.Test\LehmanLaidun.FileSystem.Test.csproj", "{FAAA187B-F9B2-4DF5-A8A9-935C794C8727}"
EndProject
Project("{2150E333-8FDC-42A3-9474-1A3956D46DE8}") = "Solution Items", "Solution Items", "{076B34C5-5FDB-4F7F-A59E-CF17449A2C7C}"
	ProjectSection(SolutionItems) = preProject
		.editorconfig = .editorconfig
		LICENSE = LICENSE
		LICENSE.AGPL.txt = LICENSE.AGPL.txt
		Readme.md = Readme.md
	EndProjectSection
EndProject
Project("{9A19103F-16F7-4668-BE54-9A1E7A4F7556}") = "LehmanLaidun.Console", "Source\LehmanLaidun.Console\LehmanLaidun.Console.csproj", "{508FCD3C-9F56-4291-BFFE-3552E0F72D4C}"
EndProject
Project("{9A19103F-16F7-4668-BE54-9A1E7A4F7556}") = "LehmanLaidun.FileSystem", "Source\LehmanLaidun.FileSystem\LehmanLaidun.FileSystem.csproj", "{A06FD4A0-C80E-4EB4-8F84-20FD5EF9154F}"
EndProject
Project("{9A19103F-16F7-4668-BE54-9A1E7A4F7556}") = "LehmanLaidun.Plugin", "Source\LehmanLaidun.Plugin\LehmanLaidun.Plugin.csproj", "{2FF9FC2B-6667-4FA3-B308-9B9747971630}"
EndProject
Project("{9A19103F-16F7-4668-BE54-9A1E7A4F7556}") = "LehmanLaidun.FileSystem.Integration.Test", "Source\Tests\LehmanLaidun.FileSystem.Integration.Test\LehmanLaidun.FileSystem.Integration.Test.csproj", "{1AA155E9-56EC-4EE1-BAB5-17BC51F37078}"
EndProject
Project("{2150E333-8FDC-42A3-9474-1A3956D46DE8}") = "Plugins", "Plugins", "{66CEDB12-773A-4C82-BC53-1A6BF0142A94}"
EndProject
Project("{2150E333-8FDC-42A3-9474-1A3956D46DE8}") = "PluginOne", "PluginOne", "{730E38EA-A05A-4322-AD24-6DF1A7BBA8CE}"
EndProject
Project("{9A19103F-16F7-4668-BE54-9A1E7A4F7556}") = "PluginOne", "Source\Plugins\PluginOne\PluginOne.csproj", "{7B4E4583-9C01-41BE-B6CB-F37D57DA6C79}"
EndProject
Project("{2150E333-8FDC-42A3-9474-1A3956D46DE8}") = "PluginTwo", "PluginTwo", "{EA69D6D9-52FF-459A-893D-F198DCADC69E}"
EndProject
Project("{9A19103F-16F7-4668-BE54-9A1E7A4F7556}") = "PluginTwo", "Source\Plugins\PluginTwo\PluginTwo.csproj", "{C79C5493-02CA-4370-90EB-913B7611A344}"
EndProject
Project("{2150E333-8FDC-42A3-9474-1A3956D46DE8}") = "FilePlugin", "FilePlugin", "{838C54A6-2F15-48FA-99A3-F14925014A1C}"
EndProject
Project("{9A19103F-16F7-4668-BE54-9A1E7A4F7556}") = "FilePlugin", "Source\Plugins\FilePlugin\FilePlugin.csproj", "{3656912E-1D58-415C-B2BC-ECBE9899EA8E}"
EndProject
Project("{2150E333-8FDC-42A3-9474-1A3956D46DE8}") = "ImagePlugin", "ImagePlugin", "{16B77167-E4AE-46EB-A4E8-A5196D23CCC4}"
EndProject
Project("{9A19103F-16F7-4668-BE54-9A1E7A4F7556}") = "ImagePlugin", "Source\Plugins\ImagePlugin\ImagePlugin.csproj", "{018C108E-01E8-4C91-B042-FDCA138C19BA}"
EndProject
Project("{2150E333-8FDC-42A3-9474-1A3956D46DE8}") = "ExifPlugin", "ExifPlugin", "{33F7A4EB-C193-4175-B12E-84BE3DDFAD17}"
EndProject
Project("{9A19103F-16F7-4668-BE54-9A1E7A4F7556}") = "ExifPlugin", "Source\Plugins\ExifPlugin\ExifPlugin.csproj", "{02AA9942-23EC-4074-9AA5-7005F8B0301F}"
EndProject
Project("{9A19103F-16F7-4668-BE54-9A1E7A4F7556}") = "LehmanLaidun.Console.Integration.Test", "Source\Tests\LehmanLaidun.Console.Integration.Test\LehmanLaidun.Console.Integration.Test.csproj", "{CAB4D00C-5839-4F84-99D6-EDC8DCB6C4D3}"
EndProject
Project("{FAE04EC0-301F-11D3-BF4B-00C04F79EFBC}") = "LehmanLaidun.Console.Unit.Test", "Source\Tests\LehmanLaidun.Console.Unit.Test\LehmanLaidun.Console.Unit.Test.csproj", "{234ABA44-42F3-4841-876F-7774F78D013E}"
EndProject
Global
	GlobalSection(SolutionConfigurationPlatforms) = preSolution
		Debug|Any CPU = Debug|Any CPU
		Release|Any CPU = Release|Any CPU
	EndGlobalSection
	GlobalSection(ProjectConfigurationPlatforms) = postSolution
		{FAAA187B-F9B2-4DF5-A8A9-935C794C8727}.Debug|Any CPU.ActiveCfg = Debug|Any CPU
		{FAAA187B-F9B2-4DF5-A8A9-935C794C8727}.Debug|Any CPU.Build.0 = Debug|Any CPU
		{FAAA187B-F9B2-4DF5-A8A9-935C794C8727}.Release|Any CPU.ActiveCfg = Release|Any CPU
		{FAAA187B-F9B2-4DF5-A8A9-935C794C8727}.Release|Any CPU.Build.0 = Release|Any CPU
		{508FCD3C-9F56-4291-BFFE-3552E0F72D4C}.Debug|Any CPU.ActiveCfg = Debug|Any CPU
		{508FCD3C-9F56-4291-BFFE-3552E0F72D4C}.Debug|Any CPU.Build.0 = Debug|Any CPU
		{508FCD3C-9F56-4291-BFFE-3552E0F72D4C}.Release|Any CPU.ActiveCfg = Release|Any CPU
		{508FCD3C-9F56-4291-BFFE-3552E0F72D4C}.Release|Any CPU.Build.0 = Release|Any CPU
		{A06FD4A0-C80E-4EB4-8F84-20FD5EF9154F}.Debug|Any CPU.ActiveCfg = Debug|Any CPU
		{A06FD4A0-C80E-4EB4-8F84-20FD5EF9154F}.Debug|Any CPU.Build.0 = Debug|Any CPU
		{A06FD4A0-C80E-4EB4-8F84-20FD5EF9154F}.Release|Any CPU.ActiveCfg = Release|Any CPU
		{A06FD4A0-C80E-4EB4-8F84-20FD5EF9154F}.Release|Any CPU.Build.0 = Release|Any CPU
		{2FF9FC2B-6667-4FA3-B308-9B9747971630}.Debug|Any CPU.ActiveCfg = Debug|Any CPU
		{2FF9FC2B-6667-4FA3-B308-9B9747971630}.Debug|Any CPU.Build.0 = Debug|Any CPU
		{2FF9FC2B-6667-4FA3-B308-9B9747971630}.Release|Any CPU.ActiveCfg = Release|Any CPU
		{2FF9FC2B-6667-4FA3-B308-9B9747971630}.Release|Any CPU.Build.0 = Release|Any CPU
		{1AA155E9-56EC-4EE1-BAB5-17BC51F37078}.Debug|Any CPU.ActiveCfg = Debug|Any CPU
		{1AA155E9-56EC-4EE1-BAB5-17BC51F37078}.Debug|Any CPU.Build.0 = Debug|Any CPU
		{1AA155E9-56EC-4EE1-BAB5-17BC51F37078}.Release|Any CPU.ActiveCfg = Release|Any CPU
		{1AA155E9-56EC-4EE1-BAB5-17BC51F37078}.Release|Any CPU.Build.0 = Release|Any CPU
		{7B4E4583-9C01-41BE-B6CB-F37D57DA6C79}.Debug|Any CPU.ActiveCfg = Debug|Any CPU
		{7B4E4583-9C01-41BE-B6CB-F37D57DA6C79}.Debug|Any CPU.Build.0 = Debug|Any CPU
		{7B4E4583-9C01-41BE-B6CB-F37D57DA6C79}.Release|Any CPU.ActiveCfg = Release|Any CPU
		{7B4E4583-9C01-41BE-B6CB-F37D57DA6C79}.Release|Any CPU.Build.0 = Release|Any CPU
		{C79C5493-02CA-4370-90EB-913B7611A344}.Debug|Any CPU.ActiveCfg = Debug|Any CPU
		{C79C5493-02CA-4370-90EB-913B7611A344}.Debug|Any CPU.Build.0 = Debug|Any CPU
		{C79C5493-02CA-4370-90EB-913B7611A344}.Release|Any CPU.ActiveCfg = Release|Any CPU
		{C79C5493-02CA-4370-90EB-913B7611A344}.Release|Any CPU.Build.0 = Release|Any CPU
		{3656912E-1D58-415C-B2BC-ECBE9899EA8E}.Debug|Any CPU.ActiveCfg = Debug|Any CPU
		{3656912E-1D58-415C-B2BC-ECBE9899EA8E}.Debug|Any CPU.Build.0 = Debug|Any CPU
		{3656912E-1D58-415C-B2BC-ECBE9899EA8E}.Release|Any CPU.ActiveCfg = Release|Any CPU
		{3656912E-1D58-415C-B2BC-ECBE9899EA8E}.Release|Any CPU.Build.0 = Release|Any CPU
		{018C108E-01E8-4C91-B042-FDCA138C19BA}.Debug|Any CPU.ActiveCfg = Debug|Any CPU
		{018C108E-01E8-4C91-B042-FDCA138C19BA}.Debug|Any CPU.Build.0 = Debug|Any CPU
		{018C108E-01E8-4C91-B042-FDCA138C19BA}.Release|Any CPU.ActiveCfg = Release|Any CPU
		{018C108E-01E8-4C91-B042-FDCA138C19BA}.Release|Any CPU.Build.0 = Release|Any CPU
		{02AA9942-23EC-4074-9AA5-7005F8B0301F}.Debug|Any CPU.ActiveCfg = Debug|Any CPU
		{02AA9942-23EC-4074-9AA5-7005F8B0301F}.Debug|Any CPU.Build.0 = Debug|Any CPU
		{02AA9942-23EC-4074-9AA5-7005F8B0301F}.Release|Any CPU.ActiveCfg = Release|Any CPU
		{02AA9942-23EC-4074-9AA5-7005F8B0301F}.Release|Any CPU.Build.0 = Release|Any CPU
		{CAB4D00C-5839-4F84-99D6-EDC8DCB6C4D3}.Debug|Any CPU.ActiveCfg = Debug|Any CPU
		{CAB4D00C-5839-4F84-99D6-EDC8DCB6C4D3}.Debug|Any CPU.Build.0 = Debug|Any CPU
		{CAB4D00C-5839-4F84-99D6-EDC8DCB6C4D3}.Release|Any CPU.ActiveCfg = Release|Any CPU
		{CAB4D00C-5839-4F84-99D6-EDC8DCB6C4D3}.Release|Any CPU.Build.0 = Release|Any CPU
		{234ABA44-42F3-4841-876F-7774F78D013E}.Debug|Any CPU.ActiveCfg = Debug|Any CPU
		{234ABA44-42F3-4841-876F-7774F78D013E}.Debug|Any CPU.Build.0 = Debug|Any CPU
		{234ABA44-42F3-4841-876F-7774F78D013E}.Release|Any CPU.ActiveCfg = Release|Any CPU
		{234ABA44-42F3-4841-876F-7774F78D013E}.Release|Any CPU.Build.0 = Release|Any CPU
	EndGlobalSection
	GlobalSection(SolutionProperties) = preSolution
		HideSolutionNode = FALSE
	EndGlobalSection
	GlobalSection(NestedProjects) = preSolution
		{FAAA187B-F9B2-4DF5-A8A9-935C794C8727} = {3212840E-B96D-4623-AD78-50563EBC6B75}
		{1AA155E9-56EC-4EE1-BAB5-17BC51F37078} = {3212840E-B96D-4623-AD78-50563EBC6B75}
		{730E38EA-A05A-4322-AD24-6DF1A7BBA8CE} = {66CEDB12-773A-4C82-BC53-1A6BF0142A94}
		{7B4E4583-9C01-41BE-B6CB-F37D57DA6C79} = {730E38EA-A05A-4322-AD24-6DF1A7BBA8CE}
		{EA69D6D9-52FF-459A-893D-F198DCADC69E} = {66CEDB12-773A-4C82-BC53-1A6BF0142A94}
		{C79C5493-02CA-4370-90EB-913B7611A344} = {EA69D6D9-52FF-459A-893D-F198DCADC69E}
		{838C54A6-2F15-48FA-99A3-F14925014A1C} = {66CEDB12-773A-4C82-BC53-1A6BF0142A94}
		{3656912E-1D58-415C-B2BC-ECBE9899EA8E} = {838C54A6-2F15-48FA-99A3-F14925014A1C}
		{16B77167-E4AE-46EB-A4E8-A5196D23CCC4} = {66CEDB12-773A-4C82-BC53-1A6BF0142A94}
		{018C108E-01E8-4C91-B042-FDCA138C19BA} = {16B77167-E4AE-46EB-A4E8-A5196D23CCC4}
		{33F7A4EB-C193-4175-B12E-84BE3DDFAD17} = {66CEDB12-773A-4C82-BC53-1A6BF0142A94}
		{02AA9942-23EC-4074-9AA5-7005F8B0301F} = {33F7A4EB-C193-4175-B12E-84BE3DDFAD17}
		{CAB4D00C-5839-4F84-99D6-EDC8DCB6C4D3} = {3212840E-B96D-4623-AD78-50563EBC6B75}
		{234ABA44-42F3-4841-876F-7774F78D013E} = {3212840E-B96D-4623-AD78-50563EBC6B75}
	EndGlobalSection
	GlobalSection(ExtensibilityGlobals) = postSolution
		SolutionGuid = {C5C074B9-AF10-43AB-9C07-71C12F04EE09}
	EndGlobalSection
EndGlobal
