
Microsoft Visual Studio Solution File, Format Version 12.00
# Visual Studio 15
VisualStudioVersion = 15.0.28010.2003
MinimumVisualStudioVersion = 10.0.40219.1
Project("{2150E333-8FDC-42A3-9474-1A3956D46DE8}") = "Tests", "Tests", "{3212840E-B96D-4623-AD78-50563EBC6B75}"
EndProject
Project("{9A19103F-16F7-4668-BE54-9A1E7A4F7556}") = "LehmanLaidun.FileSystem.Test", "Source\Tests\LehmanLaidun.FileSystem.Test\LehmanLaidun.FileSystem.Test.csproj", "{FAAA187B-F9B2-4DF5-A8A9-935C794C8727}"
EndProject
Project("{2150E333-8FDC-42A3-9474-1A3956D46DE8}") = "Solution Items", "Solution Items", "{076B34C5-5FDB-4F7F-A59E-CF17449A2C7C}"
	ProjectSection(SolutionItems) = preProject
		Readme.md = Readme.md
	EndProjectSection
EndProject
Project("{9A19103F-16F7-4668-BE54-9A1E7A4F7556}") = "LehmanLaidun.Console", "Source\LehmanLaidun.Console\LehmanLaidun.Console.csproj", "{508FCD3C-9F56-4291-BFFE-3552E0F72D4C}"
EndProject
Project("{9A19103F-16F7-4668-BE54-9A1E7A4F7556}") = "LehmanLaidun.FileSystem", "Source\LehmanLaidun.FileSystem\LehmanLaidun.FileSystem.csproj", "{A06FD4A0-C80E-4EB4-8F84-20FD5EF9154F}"
EndProject
Global
	GlobalSection(SolutionConfigurationPlatforms) = preSolution
		Debug|Any CPU = Debug|Any CPU
		Release|Any CPU = Release|Any CPU
	EndGlobalSection
	GlobalSection(ProjectConfigurationPlatforms) = postSolution
		{FAAA187B-F9B2-4DF5-A8A9-935C794C8727}.Debug|Any CPU.ActiveCfg = Debug|Any CPU
		{FAAA187B-F9B2-4DF5-A8A9-935C794C8727}.Debug|Any CPU.Build.0 = Debug|Any CPU
		{FAAA187B-F9B2-4DF5-A8A9-935C794C8727}.Release|Any CPU.ActiveCfg = Release|Any CPU
		{FAAA187B-F9B2-4DF5-A8A9-935C794C8727}.Release|Any CPU.Build.0 = Release|Any CPU
		{508FCD3C-9F56-4291-BFFE-3552E0F72D4C}.Debug|Any CPU.ActiveCfg = Debug|Any CPU
		{508FCD3C-9F56-4291-BFFE-3552E0F72D4C}.Debug|Any CPU.Build.0 = Debug|Any CPU
		{508FCD3C-9F56-4291-BFFE-3552E0F72D4C}.Release|Any CPU.ActiveCfg = Release|Any CPU
		{508FCD3C-9F56-4291-BFFE-3552E0F72D4C}.Release|Any CPU.Build.0 = Release|Any CPU
		{A06FD4A0-C80E-4EB4-8F84-20FD5EF9154F}.Debug|Any CPU.ActiveCfg = Debug|Any CPU
		{A06FD4A0-C80E-4EB4-8F84-20FD5EF9154F}.Debug|Any CPU.Build.0 = Debug|Any CPU
		{A06FD4A0-C80E-4EB4-8F84-20FD5EF9154F}.Release|Any CPU.ActiveCfg = Release|Any CPU
		{A06FD4A0-C80E-4EB4-8F84-20FD5EF9154F}.Release|Any CPU.Build.0 = Release|Any CPU
	EndGlobalSection
	GlobalSection(SolutionProperties) = preSolution
		HideSolutionNode = FALSE
	EndGlobalSection
	GlobalSection(NestedProjects) = preSolution
		{FAAA187B-F9B2-4DF5-A8A9-935C794C8727} = {3212840E-B96D-4623-AD78-50563EBC6B75}
	EndGlobalSection
	GlobalSection(ExtensibilityGlobals) = postSolution
		SolutionGuid = {C5C074B9-AF10-43AB-9C07-71C12F04EE09}
	EndGlobalSection
EndGlobal
